
Microsoft Visual Studio Solution File, Format Version 12.00
Project("{FAE04EC0-301F-11D3-BF4B-00C04F79EFBC}") = "BooksAPI", "BooksAPI\BooksAPI.csproj", "{89E593D6-ED79-4BB6-8037-717689E47D54}"
EndProject
Global
	GlobalSection(SolutionConfigurationPlatforms) = preSolution
		Debug|Any CPU = Debug|Any CPU
		Release|Any CPU = Release|Any CPU
	EndGlobalSection
	GlobalSection(ProjectConfigurationPlatforms) = postSolution
		{89E593D6-ED79-4BB6-8037-717689E47D54}.Debug|Any CPU.ActiveCfg = Debug|Any CPU
		{89E593D6-ED79-4BB6-8037-717689E47D54}.Debug|Any CPU.Build.0 = Debug|Any CPU
		{89E593D6-ED79-4BB6-8037-717689E47D54}.Release|Any CPU.ActiveCfg = Release|Any CPU
		{89E593D6-ED79-4BB6-8037-717689E47D54}.Release|Any CPU.Build.0 = Release|Any CPU
	EndGlobalSection
EndGlobal
